
Microsoft Visual Studio Solution File, Format Version 12.00
# Visual Studio Version 16
VisualStudioVersion = 16.0.29920.165
MinimumVisualStudioVersion = 10.0.40219.1
Project("{9A19103F-16F7-4668-BE54-9A1E7A4F7556}") = "NancyLite", "NancyLite\NancyLite.csproj", "{815C054F-5EDB-419D-872F-030A1BA5F61E}"
EndProject
Project("{9A19103F-16F7-4668-BE54-9A1E7A4F7556}") = "NancyLite.Razor", "NancyLite.Razor\NancyLite.Razor.csproj", "{83BFC692-BFCF-4318-A1EB-92D46924EBBD}"
EndProject
Global
	GlobalSection(SolutionConfigurationPlatforms) = preSolution
		Debug|Any CPU = Debug|Any CPU
		Release|Any CPU = Release|Any CPU
	EndGlobalSection
	GlobalSection(ProjectConfigurationPlatforms) = postSolution
		{815C054F-5EDB-419D-872F-030A1BA5F61E}.Debug|Any CPU.ActiveCfg = Debug|Any CPU
		{815C054F-5EDB-419D-872F-030A1BA5F61E}.Debug|Any CPU.Build.0 = Debug|Any CPU
		{815C054F-5EDB-419D-872F-030A1BA5F61E}.Release|Any CPU.ActiveCfg = Release|Any CPU
		{815C054F-5EDB-419D-872F-030A1BA5F61E}.Release|Any CPU.Build.0 = Release|Any CPU
		{83BFC692-BFCF-4318-A1EB-92D46924EBBD}.Debug|Any CPU.ActiveCfg = Debug|Any CPU
		{83BFC692-BFCF-4318-A1EB-92D46924EBBD}.Debug|Any CPU.Build.0 = Debug|Any CPU
		{83BFC692-BFCF-4318-A1EB-92D46924EBBD}.Release|Any CPU.ActiveCfg = Release|Any CPU
		{83BFC692-BFCF-4318-A1EB-92D46924EBBD}.Release|Any CPU.Build.0 = Release|Any CPU
	EndGlobalSection
	GlobalSection(SolutionProperties) = preSolution
		HideSolutionNode = FALSE
	EndGlobalSection
	GlobalSection(ExtensibilityGlobals) = postSolution
		SolutionGuid = {E716E090-DAAA-489F-A508-F6F5BFA1878F}
	EndGlobalSection
EndGlobal
